
Microsoft Visual Studio Solution File, Format Version 12.00
# Visual Studio 15
VisualStudioVersion = 15.0.28307.1340
MinimumVisualStudioVersion = 10.0.40219.1
Project("{FAE04EC0-301F-11D3-BF4B-00C04F79EFBC}") = "ToDoAPI.API", "ToDoAPI.API\ToDoAPI.API.csproj", "{DEAE78A1-41D1-4010-B864-2CDF310EC273}"
EndProject
Project("{FAE04EC0-301F-11D3-BF4B-00C04F79EFBC}") = "ToDoAPI.DATA.EF", "ToDoAPI.DATA.EF\ToDoAPI.DATA.EF.csproj", "{41C98F30-DBFE-43D6-B2F3-7F3EB368D7C4}"
EndProject
Global
	GlobalSection(SolutionConfigurationPlatforms) = preSolution
		Debug|Any CPU = Debug|Any CPU
		Release|Any CPU = Release|Any CPU
	EndGlobalSection
	GlobalSection(ProjectConfigurationPlatforms) = postSolution
		{DEAE78A1-41D1-4010-B864-2CDF310EC273}.Debug|Any CPU.ActiveCfg = Debug|Any CPU
		{DEAE78A1-41D1-4010-B864-2CDF310EC273}.Debug|Any CPU.Build.0 = Debug|Any CPU
		{DEAE78A1-41D1-4010-B864-2CDF310EC273}.Release|Any CPU.ActiveCfg = Release|Any CPU
		{DEAE78A1-41D1-4010-B864-2CDF310EC273}.Release|Any CPU.Build.0 = Release|Any CPU
		{41C98F30-DBFE-43D6-B2F3-7F3EB368D7C4}.Debug|Any CPU.ActiveCfg = Debug|Any CPU
		{41C98F30-DBFE-43D6-B2F3-7F3EB368D7C4}.Debug|Any CPU.Build.0 = Debug|Any CPU
		{41C98F30-DBFE-43D6-B2F3-7F3EB368D7C4}.Release|Any CPU.ActiveCfg = Release|Any CPU
		{41C98F30-DBFE-43D6-B2F3-7F3EB368D7C4}.Release|Any CPU.Build.0 = Release|Any CPU
	EndGlobalSection
	GlobalSection(SolutionProperties) = preSolution
		HideSolutionNode = FALSE
	EndGlobalSection
	GlobalSection(ExtensibilityGlobals) = postSolution
		SolutionGuid = {BB439149-0F45-4C71-8D63-FABC26CABE98}
	EndGlobalSection
EndGlobal
